// !$*UTF8*$!
{
	archiveVersion = 1;
	classes = {
	};
	objectVersion = 56;
	objects = {

/* Begin PBXBuildFile section */
		1130E7172BB5654D001B1FD8 /* Assets.xcassets in Resources */ = {isa = PBXBuildFile; fileRef = 1130E7162BB5654D001B1FD8 /* Assets.xcassets */; };
		1130E71A2BB5654D001B1FD8 /* Preview Assets.xcassets in Resources */ = {isa = PBXBuildFile; fileRef = 1130E7192BB5654D001B1FD8 /* Preview Assets.xcassets */; };
		11337B572BD1A79F00CB8D95 /* SpeechDetector.swift in Sources */ = {isa = PBXBuildFile; fileRef = 11337B562BD1A79F00CB8D95 /* SpeechDetector.swift */; };
		11337B5A2BD1A7C300CB8D95 /* Speech.framework in Frameworks */ = {isa = PBXBuildFile; fileRef = 11337B592BD1A7C300CB8D95 /* Speech.framework */; };
		11337B5D2BD1A8EC00CB8D95 /* siren.mp3 in Resources */ = {isa = PBXBuildFile; fileRef = 11337B5C2BD1A8EC00CB8D95 /* siren.mp3 */; };
		114BF1322BD2F11100CCDFD7 /* app.js in Sources */ = {isa = PBXBuildFile; fileRef = 114BF1312BD2F11100CCDFD7 /* app.js */; };
		114BF1342BD2FA5E00CCDFD7 /* p1.jpeg in Resources */ = {isa = PBXBuildFile; fileRef = 114BF1332BD2FA5E00CCDFD7 /* p1.jpeg */; };
		114BF1362BD3B05F00CCDFD7 /* NetworkManager.swift in Sources */ = {isa = PBXBuildFile; fileRef = 114BF1352BD3B05F00CCDFD7 /* NetworkManager.swift */; };
		114BF1382BD3B08B00CCDFD7 /* User.swift in Sources */ = {isa = PBXBuildFile; fileRef = 114BF1372BD3B08B00CCDFD7 /* User.swift */; };
		114BF13A2BD3BD7400CCDFD7 /* Contact.swift in Sources */ = {isa = PBXBuildFile; fileRef = 114BF1392BD3BD7400CCDFD7 /* Contact.swift */; };
		114BF13C2BD3CF3400CCDFD7 /* p2.jpeg in Resources */ = {isa = PBXBuildFile; fileRef = 114BF13B2BD3CF3400CCDFD7 /* p2.jpeg */; };
		11EE949F2BD3D530009D4301 /* p3.jpeg in Resources */ = {isa = PBXBuildFile; fileRef = 11EE949E2BD3D530009D4301 /* p3.jpeg */; };
		11EE94A12BD3DE5F009D4301 /* placeholder.jpeg in Resources */ = {isa = PBXBuildFile; fileRef = 11EE94A02BD3DE5F009D4301 /* placeholder.jpeg */; };
		11EE94A32BD3E3C8009D4301 /* p4.jpeg in Resources */ = {isa = PBXBuildFile; fileRef = 11EE94A22BD3E3C8009D4301 /* p4.jpeg */; };
		34350EA82BD17E8200B3492D /* AIview.swift in Sources */ = {isa = PBXBuildFile; fileRef = 34350EA72BD17E8200B3492D /* AIview.swift */; };
		34350EAC2BD1EBBD00B3492D /* SettingsView.swift in Sources */ = {isa = PBXBuildFile; fileRef = 34350EAB2BD1EBBD00B3492D /* SettingsView.swift */; };
		34350EB22BD403F800B3492D /* StartTrackingView.swift in Sources */ = {isa = PBXBuildFile; fileRef = 34350EB12BD403F800B3492D /* StartTrackingView.swift */; };
		34782B3E2BCFE0C8001609B2 /* HomeView.swift in Sources */ = {isa = PBXBuildFile; fileRef = 34782B3D2BCFE0C8001609B2 /* HomeView.swift */; };
		34782B402BCFE0D8001609B2 /* SOSview.swift in Sources */ = {isa = PBXBuildFile; fileRef = 34782B3F2BCFE0D8001609B2 /* SOSview.swift */; };
		34782B422BCFE0EC001609B2 /* FriendsView.swift in Sources */ = {isa = PBXBuildFile; fileRef = 34782B412BCFE0EC001609B2 /* FriendsView.swift */; };
		34782B442BCFE144001609B2 /* ViewController.swift in Sources */ = {isa = PBXBuildFile; fileRef = 34782B432BCFE144001609B2 /* ViewController.swift */; };
/* End PBXBuildFile section */

/* Begin PBXFileReference section */
		1130E70F2BB5654C001B1FD8 /* Community Safety Duo App.app */ = {isa = PBXFileReference; explicitFileType = wrapper.application; includeInIndex = 0; path = "Community Safety Duo App.app"; sourceTree = BUILT_PRODUCTS_DIR; };
		1130E7162BB5654D001B1FD8 /* Assets.xcassets */ = {isa = PBXFileReference; lastKnownFileType = folder.assetcatalog; path = Assets.xcassets; sourceTree = "<group>"; };
		1130E7192BB5654D001B1FD8 /* Preview Assets.xcassets */ = {isa = PBXFileReference; lastKnownFileType = folder.assetcatalog; path = "Preview Assets.xcassets"; sourceTree = "<group>"; };
		11337B562BD1A79F00CB8D95 /* SpeechDetector.swift */ = {isa = PBXFileReference; lastKnownFileType = sourcecode.swift; path = SpeechDetector.swift; sourceTree = "<group>"; };
		11337B592BD1A7C300CB8D95 /* Speech.framework */ = {isa = PBXFileReference; lastKnownFileType = wrapper.framework; name = Speech.framework; path = System/Library/Frameworks/Speech.framework; sourceTree = SDKROOT; };
		11337B5B2BD1A84900CB8D95 /* Community-Safety-Duo-App-Info.plist */ = {isa = PBXFileReference; lastKnownFileType = text.plist; path = "Community-Safety-Duo-App-Info.plist"; sourceTree = SOURCE_ROOT; };
		11337B5C2BD1A8EC00CB8D95 /* siren.mp3 */ = {isa = PBXFileReference; lastKnownFileType = audio.mp3; path = siren.mp3; sourceTree = "<group>"; };
		114BF1312BD2F11100CCDFD7 /* app.js */ = {isa = PBXFileReference; lastKnownFileType = sourcecode.javascript; path = app.js; sourceTree = "<group>"; };
		114BF1332BD2FA5E00CCDFD7 /* p1.jpeg */ = {isa = PBXFileReference; lastKnownFileType = image.jpeg; path = p1.jpeg; sourceTree = "<group>"; };
		114BF1352BD3B05F00CCDFD7 /* NetworkManager.swift */ = {isa = PBXFileReference; lastKnownFileType = sourcecode.swift; path = NetworkManager.swift; sourceTree = "<group>"; };
		114BF1372BD3B08B00CCDFD7 /* User.swift */ = {isa = PBXFileReference; lastKnownFileType = sourcecode.swift; path = User.swift; sourceTree = "<group>"; };
		114BF1392BD3BD7400CCDFD7 /* Contact.swift */ = {isa = PBXFileReference; lastKnownFileType = sourcecode.swift; path = Contact.swift; sourceTree = "<group>"; };
		114BF13B2BD3CF3400CCDFD7 /* p2.jpeg */ = {isa = PBXFileReference; lastKnownFileType = image.jpeg; path = p2.jpeg; sourceTree = "<group>"; };
		11EE949E2BD3D530009D4301 /* p3.jpeg */ = {isa = PBXFileReference; lastKnownFileType = image.jpeg; path = p3.jpeg; sourceTree = "<group>"; };
		11EE94A02BD3DE5F009D4301 /* placeholder.jpeg */ = {isa = PBXFileReference; lastKnownFileType = image.jpeg; path = placeholder.jpeg; sourceTree = "<group>"; };
		11EE94A22BD3E3C8009D4301 /* p4.jpeg */ = {isa = PBXFileReference; lastKnownFileType = image.jpeg; path = p4.jpeg; sourceTree = "<group>"; };
		34350EA72BD17E8200B3492D /* AIview.swift */ = {isa = PBXFileReference; lastKnownFileType = sourcecode.swift; path = AIview.swift; sourceTree = "<group>"; };
		34350EAB2BD1EBBD00B3492D /* SettingsView.swift */ = {isa = PBXFileReference; lastKnownFileType = sourcecode.swift; path = SettingsView.swift; sourceTree = "<group>"; };
		34350EB12BD403F800B3492D /* StartTrackingView.swift */ = {isa = PBXFileReference; lastKnownFileType = sourcecode.swift; path = StartTrackingView.swift; sourceTree = "<group>"; };
		34782B3D2BCFE0C8001609B2 /* HomeView.swift */ = {isa = PBXFileReference; lastKnownFileType = sourcecode.swift; path = HomeView.swift; sourceTree = "<group>"; };
		34782B3F2BCFE0D8001609B2 /* SOSview.swift */ = {isa = PBXFileReference; lastKnownFileType = sourcecode.swift; path = SOSview.swift; sourceTree = "<group>"; };
		34782B412BCFE0EC001609B2 /* FriendsView.swift */ = {isa = PBXFileReference; lastKnownFileType = sourcecode.swift; path = FriendsView.swift; sourceTree = "<group>"; };
		34782B432BCFE144001609B2 /* ViewController.swift */ = {isa = PBXFileReference; lastKnownFileType = sourcecode.swift; path = ViewController.swift; sourceTree = "<group>"; };
/* End PBXFileReference section */

/* Begin PBXFrameworksBuildPhase section */
		1130E70C2BB5654C001B1FD8 /* Frameworks */ = {
			isa = PBXFrameworksBuildPhase;
			buildActionMask = 2147483647;
			files = (
				11337B5A2BD1A7C300CB8D95 /* Speech.framework in Frameworks */,
			);
			runOnlyForDeploymentPostprocessing = 0;
		};
/* End PBXFrameworksBuildPhase section */

/* Begin PBXGroup section */
		1130E7062BB5654C001B1FD8 = {
			isa = PBXGroup;
			children = (
				1130E7112BB5654C001B1FD8 /* Community Safety Duo App */,
				1130E7102BB5654C001B1FD8 /* Products */,
				11337B582BD1A7C300CB8D95 /* Frameworks */,
			);
			sourceTree = "<group>";
		};
		1130E7102BB5654C001B1FD8 /* Products */ = {
			isa = PBXGroup;
			children = (
				1130E70F2BB5654C001B1FD8 /* Community Safety Duo App.app */,
			);
			name = Products;
			sourceTree = "<group>";
		};
		1130E7112BB5654C001B1FD8 /* Community Safety Duo App */ = {
			isa = PBXGroup;
			children = (
				11337B5B2BD1A84900CB8D95 /* Community-Safety-Duo-App-Info.plist */,
				114BF1312BD2F11100CCDFD7 /* app.js */,
				114BF1372BD3B08B00CCDFD7 /* User.swift */,
				114BF1392BD3BD7400CCDFD7 /* Contact.swift */,
				114BF1352BD3B05F00CCDFD7 /* NetworkManager.swift */,
				11337B562BD1A79F00CB8D95 /* SpeechDetector.swift */,
				34350EAB2BD1EBBD00B3492D /* SettingsView.swift */,
				34782B3D2BCFE0C8001609B2 /* HomeView.swift */,
				34782B412BCFE0EC001609B2 /* FriendsView.swift */,
				34350EA72BD17E8200B3492D /* AIview.swift */,
				34350EB12BD403F800B3492D /* StartTrackingView.swift */,
				34782B3F2BCFE0D8001609B2 /* SOSview.swift */,
				34782B432BCFE144001609B2 /* ViewController.swift */,
				1130E7162BB5654D001B1FD8 /* Assets.xcassets */,
				11337B5C2BD1A8EC00CB8D95 /* siren.mp3 */,
				11EE94A02BD3DE5F009D4301 /* placeholder.jpeg */,
				11EE94A22BD3E3C8009D4301 /* p4.jpeg */,
				11EE949E2BD3D530009D4301 /* p3.jpeg */,
				114BF13B2BD3CF3400CCDFD7 /* p2.jpeg */,
				114BF1332BD2FA5E00CCDFD7 /* p1.jpeg */,
				1130E7182BB5654D001B1FD8 /* Preview Content */,
			);
			path = "Community Safety Duo App";
			sourceTree = "<group>";
		};
		1130E7182BB5654D001B1FD8 /* Preview Content */ = {
			isa = PBXGroup;
			children = (
				1130E7192BB5654D001B1FD8 /* Preview Assets.xcassets */,
			);
			path = "Preview Content";
			sourceTree = "<group>";
		};
		11337B582BD1A7C300CB8D95 /* Frameworks */ = {
			isa = PBXGroup;
			children = (
				11337B592BD1A7C300CB8D95 /* Speech.framework */,
			);
			name = Frameworks;
			sourceTree = "<group>";
		};
/* End PBXGroup section */

/* Begin PBXNativeTarget section */
		1130E70E2BB5654C001B1FD8 /* Community Safety Duo App */ = {
			isa = PBXNativeTarget;
			buildConfigurationList = 1130E71D2BB5654D001B1FD8 /* Build configuration list for PBXNativeTarget "Community Safety Duo App" */;
			buildPhases = (
				1130E70B2BB5654C001B1FD8 /* Sources */,
				1130E70C2BB5654C001B1FD8 /* Frameworks */,
				1130E70D2BB5654C001B1FD8 /* Resources */,
			);
			buildRules = (
			);
			dependencies = (
			);
			name = "Community Safety Duo App";
			packageProductDependencies = (
			);
			productName = "Community Safety Duo App";
			productReference = 1130E70F2BB5654C001B1FD8 /* Community Safety Duo App.app */;
			productType = "com.apple.product-type.application";
		};
/* End PBXNativeTarget section */

/* Begin PBXProject section */
		1130E7072BB5654C001B1FD8 /* Project object */ = {
			isa = PBXProject;
			attributes = {
				BuildIndependentTargetsInParallel = 1;
				LastSwiftUpdateCheck = 1520;
				LastUpgradeCheck = 1520;
				TargetAttributes = {
					1130E70E2BB5654C001B1FD8 = {
						CreatedOnToolsVersion = 15.2;
						LastSwiftMigration = 1520;
					};
				};
			};
			buildConfigurationList = 1130E70A2BB5654C001B1FD8 /* Build configuration list for PBXProject "Community Safety Duo App" */;
			compatibilityVersion = "Xcode 14.0";
			developmentRegion = en;
			hasScannedForEncodings = 0;
			knownRegions = (
				en,
				Base,
			);
			mainGroup = 1130E7062BB5654C001B1FD8;
			packageReferences = (
				114BF11F2BD2E42000CCDFD7 /* XCRemoteSwiftPackageReference "realm-swift" */,
				114BF1262BD2E77900CCDFD7 /* XCRemoteSwiftPackageReference "mongo-swift-driver" */,
			);
			productRefGroup = 1130E7102BB5654C001B1FD8 /* Products */;
			projectDirPath = "";
			projectRoot = "";
			targets = (
				1130E70E2BB5654C001B1FD8 /* Community Safety Duo App */,
			);
		};
/* End PBXProject section */

/* Begin PBXResourcesBuildPhase section */
		1130E70D2BB5654C001B1FD8 /* Resources */ = {
			isa = PBXResourcesBuildPhase;
			buildActionMask = 2147483647;
			files = (
				11EE949F2BD3D530009D4301 /* p3.jpeg in Resources */,
				114BF13C2BD3CF3400CCDFD7 /* p2.jpeg in Resources */,
				114BF1342BD2FA5E00CCDFD7 /* p1.jpeg in Resources */,
				11337B5D2BD1A8EC00CB8D95 /* siren.mp3 in Resources */,
				1130E71A2BB5654D001B1FD8 /* Preview Assets.xcassets in Resources */,
				1130E7172BB5654D001B1FD8 /* Assets.xcassets in Resources */,
				11EE94A12BD3DE5F009D4301 /* placeholder.jpeg in Resources */,
				11EE94A32BD3E3C8009D4301 /* p4.jpeg in Resources */,
			);
			runOnlyForDeploymentPostprocessing = 0;
		};
/* End PBXResourcesBuildPhase section */

/* Begin PBXSourcesBuildPhase section */
		1130E70B2BB5654C001B1FD8 /* Sources */ = {
			isa = PBXSourcesBuildPhase;
			buildActionMask = 2147483647;
			files = (
				114BF1362BD3B05F00CCDFD7 /* NetworkManager.swift in Sources */,
				34350EAC2BD1EBBD00B3492D /* SettingsView.swift in Sources */,
				34350EA82BD17E8200B3492D /* AIview.swift in Sources */,
				11337B572BD1A79F00CB8D95 /* SpeechDetector.swift in Sources */,
				34782B422BCFE0EC001609B2 /* FriendsView.swift in Sources */,
				114BF1322BD2F11100CCDFD7 /* app.js in Sources */,
				114BF13A2BD3BD7400CCDFD7 /* Contact.swift in Sources */,
				34782B402BCFE0D8001609B2 /* SOSview.swift in Sources */,
				34782B442BCFE144001609B2 /* ViewController.swift in Sources */,
				114BF1382BD3B08B00CCDFD7 /* User.swift in Sources */,
				34350EB22BD403F800B3492D /* StartTrackingView.swift in Sources */,
				34782B3E2BCFE0C8001609B2 /* HomeView.swift in Sources */,
			);
			runOnlyForDeploymentPostprocessing = 0;
		};
/* End PBXSourcesBuildPhase section */

/* Begin XCBuildConfiguration section */
		1130E71B2BB5654D001B1FD8 /* Debug */ = {
			isa = XCBuildConfiguration;
			buildSettings = {
				ALWAYS_SEARCH_USER_PATHS = NO;
				ASSETCATALOG_COMPILER_GENERATE_SWIFT_ASSET_SYMBOL_EXTENSIONS = YES;
				CLANG_ANALYZER_NONNULL = YES;
				CLANG_ANALYZER_NUMBER_OBJECT_CONVERSION = YES_AGGRESSIVE;
				CLANG_CXX_LANGUAGE_STANDARD = "gnu++20";
				CLANG_ENABLE_MODULES = YES;
				CLANG_ENABLE_OBJC_ARC = YES;
				CLANG_ENABLE_OBJC_WEAK = YES;
				CLANG_WARN_BLOCK_CAPTURE_AUTORELEASING = YES;
				CLANG_WARN_BOOL_CONVERSION = YES;
				CLANG_WARN_COMMA = YES;
				CLANG_WARN_CONSTANT_CONVERSION = YES;
				CLANG_WARN_DEPRECATED_OBJC_IMPLEMENTATIONS = YES;
				CLANG_WARN_DIRECT_OBJC_ISA_USAGE = YES_ERROR;
				CLANG_WARN_DOCUMENTATION_COMMENTS = YES;
				CLANG_WARN_EMPTY_BODY = YES;
				CLANG_WARN_ENUM_CONVERSION = YES;
				CLANG_WARN_INFINITE_RECURSION = YES;
				CLANG_WARN_INT_CONVERSION = YES;
				CLANG_WARN_NON_LITERAL_NULL_CONVERSION = YES;
				CLANG_WARN_OBJC_IMPLICIT_RETAIN_SELF = YES;
				CLANG_WARN_OBJC_LITERAL_CONVERSION = YES;
				CLANG_WARN_OBJC_ROOT_CLASS = YES_ERROR;
				CLANG_WARN_QUOTED_INCLUDE_IN_FRAMEWORK_HEADER = YES;
				CLANG_WARN_RANGE_LOOP_ANALYSIS = YES;
				CLANG_WARN_STRICT_PROTOTYPES = YES;
				CLANG_WARN_SUSPICIOUS_MOVE = YES;
				CLANG_WARN_UNGUARDED_AVAILABILITY = YES_AGGRESSIVE;
				CLANG_WARN_UNREACHABLE_CODE = YES;
				CLANG_WARN__DUPLICATE_METHOD_MATCH = YES;
				COPY_PHASE_STRIP = NO;
				DEBUG_INFORMATION_FORMAT = dwarf;
				ENABLE_STRICT_OBJC_MSGSEND = YES;
				ENABLE_TESTABILITY = YES;
				ENABLE_USER_SCRIPT_SANDBOXING = YES;
				GCC_C_LANGUAGE_STANDARD = gnu17;
				GCC_DYNAMIC_NO_PIC = NO;
				GCC_NO_COMMON_BLOCKS = YES;
				GCC_OPTIMIZATION_LEVEL = 0;
				GCC_PREPROCESSOR_DEFINITIONS = (
					"DEBUG=1",
					"$(inherited)",
				);
				GCC_WARN_64_TO_32_BIT_CONVERSION = YES;
				GCC_WARN_ABOUT_RETURN_TYPE = YES_ERROR;
				GCC_WARN_UNDECLARED_SELECTOR = YES;
				GCC_WARN_UNINITIALIZED_AUTOS = YES_AGGRESSIVE;
				GCC_WARN_UNUSED_FUNCTION = YES;
				GCC_WARN_UNUSED_VARIABLE = YES;
				IPHONEOS_DEPLOYMENT_TARGET = 17.2;
				LOCALIZATION_PREFERS_STRING_CATALOGS = YES;
				MTL_ENABLE_DEBUG_INFO = INCLUDE_SOURCE;
				MTL_FAST_MATH = YES;
				ONLY_ACTIVE_ARCH = YES;
				SDKROOT = iphoneos;
				SWIFT_ACTIVE_COMPILATION_CONDITIONS = "DEBUG $(inherited)";
				SWIFT_OPTIMIZATION_LEVEL = "-Onone";
			};
			name = Debug;
		};
		1130E71C2BB5654D001B1FD8 /* Release */ = {
			isa = XCBuildConfiguration;
			buildSettings = {
				ALWAYS_SEARCH_USER_PATHS = NO;
				ASSETCATALOG_COMPILER_GENERATE_SWIFT_ASSET_SYMBOL_EXTENSIONS = YES;
				CLANG_ANALYZER_NONNULL = YES;
				CLANG_ANALYZER_NUMBER_OBJECT_CONVERSION = YES_AGGRESSIVE;
				CLANG_CXX_LANGUAGE_STANDARD = "gnu++20";
				CLANG_ENABLE_MODULES = YES;
				CLANG_ENABLE_OBJC_ARC = YES;
				CLANG_ENABLE_OBJC_WEAK = YES;
				CLANG_WARN_BLOCK_CAPTURE_AUTORELEASING = YES;
				CLANG_WARN_BOOL_CONVERSION = YES;
				CLANG_WARN_COMMA = YES;
				CLANG_WARN_CONSTANT_CONVERSION = YES;
				CLANG_WARN_DEPRECATED_OBJC_IMPLEMENTATIONS = YES;
				CLANG_WARN_DIRECT_OBJC_ISA_USAGE = YES_ERROR;
				CLANG_WARN_DOCUMENTATION_COMMENTS = YES;
				CLANG_WARN_EMPTY_BODY = YES;
				CLANG_WARN_ENUM_CONVERSION = YES;
				CLANG_WARN_INFINITE_RECURSION = YES;
				CLANG_WARN_INT_CONVERSION = YES;
				CLANG_WARN_NON_LITERAL_NULL_CONVERSION = YES;
				CLANG_WARN_OBJC_IMPLICIT_RETAIN_SELF = YES;
				CLANG_WARN_OBJC_LITERAL_CONVERSION = YES;
				CLANG_WARN_OBJC_ROOT_CLASS = YES_ERROR;
				CLANG_WARN_QUOTED_INCLUDE_IN_FRAMEWORK_HEADER = YES;
				CLANG_WARN_RANGE_LOOP_ANALYSIS = YES;
				CLANG_WARN_STRICT_PROTOTYPES = YES;
				CLANG_WARN_SUSPICIOUS_MOVE = YES;
				CLANG_WARN_UNGUARDED_AVAILABILITY = YES_AGGRESSIVE;
				CLANG_WARN_UNREACHABLE_CODE = YES;
				CLANG_WARN__DUPLICATE_METHOD_MATCH = YES;
				COPY_PHASE_STRIP = NO;
				DEBUG_INFORMATION_FORMAT = "dwarf-with-dsym";
				ENABLE_NS_ASSERTIONS = NO;
				ENABLE_STRICT_OBJC_MSGSEND = YES;
				ENABLE_USER_SCRIPT_SANDBOXING = YES;
				GCC_C_LANGUAGE_STANDARD = gnu17;
				GCC_NO_COMMON_BLOCKS = YES;
				GCC_WARN_64_TO_32_BIT_CONVERSION = YES;
				GCC_WARN_ABOUT_RETURN_TYPE = YES_ERROR;
				GCC_WARN_UNDECLARED_SELECTOR = YES;
				GCC_WARN_UNINITIALIZED_AUTOS = YES_AGGRESSIVE;
				GCC_WARN_UNUSED_FUNCTION = YES;
				GCC_WARN_UNUSED_VARIABLE = YES;
				IPHONEOS_DEPLOYMENT_TARGET = 17.2;
				LOCALIZATION_PREFERS_STRING_CATALOGS = YES;
				MTL_ENABLE_DEBUG_INFO = NO;
				MTL_FAST_MATH = YES;
				SDKROOT = iphoneos;
				SWIFT_COMPILATION_MODE = wholemodule;
				VALIDATE_PRODUCT = YES;
			};
			name = Release;
		};
		1130E71E2BB5654D001B1FD8 /* Debug */ = {
			isa = XCBuildConfiguration;
			buildSettings = {
				ASSETCATALOG_COMPILER_APPICON_NAME = AppIcon;
				ASSETCATALOG_COMPILER_GLOBAL_ACCENT_COLOR_NAME = AccentColor;
				CLANG_ENABLE_MODULES = YES;
				CODE_SIGN_STYLE = Automatic;
				CURRENT_PROJECT_VERSION = 1;
				DEVELOPMENT_ASSET_PATHS = "\"Community Safety Duo App/Preview Content\"";
				DEVELOPMENT_TEAM = RCTK93B467;
				ENABLE_PREVIEWS = YES;
				GENERATE_INFOPLIST_FILE = YES;
				INFOPLIST_FILE = "Community-Safety-Duo-App-Info.plist";
				INFOPLIST_KEY_CFBundleDisplayName = Compi;
				INFOPLIST_KEY_NSLocationAlwaysAndWhenInUseUsageDescription = "Location is used for navigating in the safest way possible.";
				INFOPLIST_KEY_NSLocationAlwaysUsageDescription = "Location is used for navigating in the safest way possible.";
				INFOPLIST_KEY_NSLocationTemporaryUsageDescriptionDictionary = "Location is used for navigating in the safest way possible.";
				INFOPLIST_KEY_NSLocationUsageDescription = "Location is used for navigating in the safest way possible.";
				INFOPLIST_KEY_NSLocationWhenInUseUsageDescription = "Location is used for navigating in the safest way possible.";
				INFOPLIST_KEY_NSMicrophoneUsageDescription = "This app needs access to the microphone to process speech recognition.";
				INFOPLIST_KEY_NSSpeechRecognitionUsageDescription = "This app requires speech recognition to help detect urgent situations.";
				INFOPLIST_KEY_UIApplicationSceneManifest_Generation = YES;
				INFOPLIST_KEY_UIApplicationSupportsIndirectInputEvents = YES;
				INFOPLIST_KEY_UILaunchScreen_Generation = YES;
				INFOPLIST_KEY_UILaunchStoryboardName = Map.swift;
				INFOPLIST_KEY_UISupportedInterfaceOrientations = UIInterfaceOrientationPortrait;
				INFOPLIST_KEY_UIUserInterfaceStyle = Light;
				LD_RUNPATH_SEARCH_PATHS = (
					"$(inherited)",
					"@executable_path/Frameworks",
				);
				MARKETING_VERSION = 1.0;
				PRODUCT_BUNDLE_IDENTIFIER = com.ohaikostudio.communitysafetyduoapp2024;
				PRODUCT_NAME = "$(TARGET_NAME)";
				SWIFT_EMIT_LOC_STRINGS = YES;
				SWIFT_OBJC_BRIDGING_HEADER = "Community Safety Duo App/Community Safety Duo App-Bridging-Header.h";
				SWIFT_OPTIMIZATION_LEVEL = "-Onone";
				SWIFT_VERSION = 5.0;
				TARGETED_DEVICE_FAMILY = "1,2";
			};
			name = Debug;
		};
		1130E71F2BB5654D001B1FD8 /* Release */ = {
			isa = XCBuildConfiguration;
			buildSettings = {
				ASSETCATALOG_COMPILER_APPICON_NAME = AppIcon;
				ASSETCATALOG_COMPILER_GLOBAL_ACCENT_COLOR_NAME = AccentColor;
				CLANG_ENABLE_MODULES = YES;
				CODE_SIGN_STYLE = Automatic;
				CURRENT_PROJECT_VERSION = 1;
				DEVELOPMENT_ASSET_PATHS = "\"Community Safety Duo App/Preview Content\"";
				DEVELOPMENT_TEAM = RCTK93B467;
				ENABLE_PREVIEWS = YES;
				GENERATE_INFOPLIST_FILE = YES;
				INFOPLIST_FILE = "Community-Safety-Duo-App-Info.plist";
				INFOPLIST_KEY_CFBundleDisplayName = Compi;
				INFOPLIST_KEY_NSLocationAlwaysAndWhenInUseUsageDescription = "Location is used for navigating in the safest way possible.";
				INFOPLIST_KEY_NSLocationAlwaysUsageDescription = "Location is used for navigating in the safest way possible.";
				INFOPLIST_KEY_NSLocationTemporaryUsageDescriptionDictionary = "Location is used for navigating in the safest way possible.";
				INFOPLIST_KEY_NSLocationUsageDescription = "Location is used for navigating in the safest way possible.";
				INFOPLIST_KEY_NSLocationWhenInUseUsageDescription = "Location is used for navigating in the safest way possible.";
				INFOPLIST_KEY_NSMicrophoneUsageDescription = "This app needs access to the microphone to process speech recognition.";
				INFOPLIST_KEY_NSSpeechRecognitionUsageDescription = "This app requires speech recognition to help detect urgent situations.";
				INFOPLIST_KEY_UIApplicationSceneManifest_Generation = YES;
				INFOPLIST_KEY_UIApplicationSupportsIndirectInputEvents = YES;
				INFOPLIST_KEY_UILaunchScreen_Generation = YES;
				INFOPLIST_KEY_UILaunchStoryboardName = Map.swift;
				INFOPLIST_KEY_UISupportedInterfaceOrientations = UIInterfaceOrientationPortrait;
				INFOPLIST_KEY_UIUserInterfaceStyle = Light;
				LD_RUNPATH_SEARCH_PATHS = (
					"$(inherited)",
					"@executable_path/Frameworks",
				);
				MARKETING_VERSION = 1.0;
				PRODUCT_BUNDLE_IDENTIFIER = com.ohaikostudio.communitysafetyduoapp2024;
				PRODUCT_NAME = "$(TARGET_NAME)";
				SWIFT_EMIT_LOC_STRINGS = YES;
				SWIFT_OBJC_BRIDGING_HEADER = "Community Safety Duo App/Community Safety Duo App-Bridging-Header.h";
				SWIFT_VERSION = 5.0;
				TARGETED_DEVICE_FAMILY = "1,2";
			};
			name = Release;
		};
/* End XCBuildConfiguration section */

/* Begin XCConfigurationList section */
		1130E70A2BB5654C001B1FD8 /* Build configuration list for PBXProject "Community Safety Duo App" */ = {
			isa = XCConfigurationList;
			buildConfigurations = (
				1130E71B2BB5654D001B1FD8 /* Debug */,
				1130E71C2BB5654D001B1FD8 /* Release */,
			);
			defaultConfigurationIsVisible = 0;
			defaultConfigurationName = Release;
		};
		1130E71D2BB5654D001B1FD8 /* Build configuration list for PBXNativeTarget "Community Safety Duo App" */ = {
			isa = XCConfigurationList;
			buildConfigurations = (
				1130E71E2BB5654D001B1FD8 /* Debug */,
				1130E71F2BB5654D001B1FD8 /* Release */,
			);
			defaultConfigurationIsVisible = 0;
			defaultConfigurationName = Release;
		};
/* End XCConfigurationList section */

/* Begin XCRemoteSwiftPackageReference section */
		114BF11F2BD2E42000CCDFD7 /* XCRemoteSwiftPackageReference "realm-swift" */ = {
			isa = XCRemoteSwiftPackageReference;
			repositoryURL = "https://github.com/realm/realm-swift";
			requirement = {
				branch = master;
				kind = branch;
			};
		};
		114BF1262BD2E77900CCDFD7 /* XCRemoteSwiftPackageReference "mongo-swift-driver" */ = {
			isa = XCRemoteSwiftPackageReference;
			repositoryURL = "https://github.com/mongodb/mongo-swift-driver";
			requirement = {
				branch = main;
				kind = branch;
			};
		};
/* End XCRemoteSwiftPackageReference section */
	};
	rootObject = 1130E7072BB5654C001B1FD8 /* Project object */;
}
